
Microsoft Visual Studio Solution File, Format Version 12.00
# Visual Studio Version 17
VisualStudioVersion = 17.12.35506.116 d17.12
MinimumVisualStudioVersion = 10.0.40219.1
Project("{FAE04EC0-301F-11D3-BF4B-00C04F79EFBC}") = "Lab7_Petrykin_programm", "Lab7_Petrykin_programm\Lab7_Petrykin_programm.csproj", "{A809F565-9974-4EFE-9621-2F486DA5A395}"
EndProject
Global
	GlobalSection(SolutionConfigurationPlatforms) = preSolution
		Debug|Any CPU = Debug|Any CPU
		Release|Any CPU = Release|Any CPU
	EndGlobalSection
	GlobalSection(ProjectConfigurationPlatforms) = postSolution
		{A809F565-9974-4EFE-9621-2F486DA5A395}.Debug|Any CPU.ActiveCfg = Debug|Any CPU
		{A809F565-9974-4EFE-9621-2F486DA5A395}.Debug|Any CPU.Build.0 = Debug|Any CPU
		{A809F565-9974-4EFE-9621-2F486DA5A395}.Release|Any CPU.ActiveCfg = Release|Any CPU
		{A809F565-9974-4EFE-9621-2F486DA5A395}.Release|Any CPU.Build.0 = Release|Any CPU
	EndGlobalSection
	GlobalSection(SolutionProperties) = preSolution
		HideSolutionNode = FALSE
	EndGlobalSection
EndGlobal
